
Microsoft Visual Studio Solution File, Format Version 12.00
# Visual Studio Version 17
VisualStudioVersion = 17.6.33815.320
MinimumVisualStudioVersion = 10.0.40219.1
Project("{9A19103F-16F7-4668-BE54-9A1E7A4F7556}") = "Task1", "Task1\Task1.csproj", "{F65E8366-EE90-437B-9A33-D9076BBAF025}"
EndProject
Project("{FAE04EC0-301F-11D3-BF4B-00C04F79EFBC}") = "Practice", "Practice\Practice.csproj", "{5AA22FC6-434D-4904-9A0E-FDB8837DFEBA}"
EndProject
Global
	GlobalSection(SolutionConfigurationPlatforms) = preSolution
		Debug|Any CPU = Debug|Any CPU
		Release|Any CPU = Release|Any CPU
	EndGlobalSection
	GlobalSection(ProjectConfigurationPlatforms) = postSolution
		{F65E8366-EE90-437B-9A33-D9076BBAF025}.Debug|Any CPU.ActiveCfg = Debug|Any CPU
		{F65E8366-EE90-437B-9A33-D9076BBAF025}.Debug|Any CPU.Build.0 = Debug|Any CPU
		{F65E8366-EE90-437B-9A33-D9076BBAF025}.Release|Any CPU.ActiveCfg = Release|Any CPU
		{F65E8366-EE90-437B-9A33-D9076BBAF025}.Release|Any CPU.Build.0 = Release|Any CPU
		{5AA22FC6-434D-4904-9A0E-FDB8837DFEBA}.Debug|Any CPU.ActiveCfg = Debug|Any CPU
		{5AA22FC6-434D-4904-9A0E-FDB8837DFEBA}.Debug|Any CPU.Build.0 = Debug|Any CPU
		{5AA22FC6-434D-4904-9A0E-FDB8837DFEBA}.Release|Any CPU.ActiveCfg = Release|Any CPU
		{5AA22FC6-434D-4904-9A0E-FDB8837DFEBA}.Release|Any CPU.Build.0 = Release|Any CPU
	EndGlobalSection
	GlobalSection(SolutionProperties) = preSolution
		HideSolutionNode = FALSE
	EndGlobalSection
	GlobalSection(ExtensibilityGlobals) = postSolution
		SolutionGuid = {05E208A1-A819-4784-976E-014460E35CC1}
	EndGlobalSection
EndGlobal
